
Microsoft Visual Studio Solution File, Format Version 12.00
# Visual Studio Version 17
VisualStudioVersion = 17.5.33627.172
MinimumVisualStudioVersion = 10.0.40219.1
Project("{FAE04EC0-301F-11D3-BF4B-00C04F79EFBC}") = "Entities", "Entities\Entities.csproj", "{B6C0110C-E5BF-49C8-8003-A590030E2973}"
EndProject
Project("{FAE04EC0-301F-11D3-BF4B-00C04F79EFBC}") = "Repository", "Repository\Repository.csproj", "{62C65989-2668-4C6B-984B-76C5503F29C6}"
EndProject
Project("{FAE04EC0-301F-11D3-BF4B-00C04F79EFBC}") = "PT1_API", "PT1_API\PT1_API.csproj", "{C9B31171-857F-498F-81CF-190B5BF18E9A}"
EndProject
Project("{FAE04EC0-301F-11D3-BF4B-00C04F79EFBC}") = "Shared", "Shared\Shared.csproj", "{9CE65E3A-464C-42E2-AC96-2EE5129CBFF2}"
EndProject
Project("{FAE04EC0-301F-11D3-BF4B-00C04F79EFBC}") = "Service", "Service\Service.csproj", "{FF590A3F-1551-44FF-BD30-B3156924907D}"
EndProject
Global
	GlobalSection(SolutionConfigurationPlatforms) = preSolution
		Debug|Any CPU = Debug|Any CPU
		Release|Any CPU = Release|Any CPU
	EndGlobalSection
	GlobalSection(ProjectConfigurationPlatforms) = postSolution
		{B6C0110C-E5BF-49C8-8003-A590030E2973}.Debug|Any CPU.ActiveCfg = Debug|Any CPU
		{B6C0110C-E5BF-49C8-8003-A590030E2973}.Debug|Any CPU.Build.0 = Debug|Any CPU
		{B6C0110C-E5BF-49C8-8003-A590030E2973}.Release|Any CPU.ActiveCfg = Release|Any CPU
		{B6C0110C-E5BF-49C8-8003-A590030E2973}.Release|Any CPU.Build.0 = Release|Any CPU
		{62C65989-2668-4C6B-984B-76C5503F29C6}.Debug|Any CPU.ActiveCfg = Debug|Any CPU
		{62C65989-2668-4C6B-984B-76C5503F29C6}.Debug|Any CPU.Build.0 = Debug|Any CPU
		{62C65989-2668-4C6B-984B-76C5503F29C6}.Release|Any CPU.ActiveCfg = Release|Any CPU
		{62C65989-2668-4C6B-984B-76C5503F29C6}.Release|Any CPU.Build.0 = Release|Any CPU
		{C9B31171-857F-498F-81CF-190B5BF18E9A}.Debug|Any CPU.ActiveCfg = Debug|Any CPU
		{C9B31171-857F-498F-81CF-190B5BF18E9A}.Debug|Any CPU.Build.0 = Debug|Any CPU
		{C9B31171-857F-498F-81CF-190B5BF18E9A}.Release|Any CPU.ActiveCfg = Release|Any CPU
		{C9B31171-857F-498F-81CF-190B5BF18E9A}.Release|Any CPU.Build.0 = Release|Any CPU
		{9CE65E3A-464C-42E2-AC96-2EE5129CBFF2}.Debug|Any CPU.ActiveCfg = Debug|Any CPU
		{9CE65E3A-464C-42E2-AC96-2EE5129CBFF2}.Debug|Any CPU.Build.0 = Debug|Any CPU
		{9CE65E3A-464C-42E2-AC96-2EE5129CBFF2}.Release|Any CPU.ActiveCfg = Release|Any CPU
		{9CE65E3A-464C-42E2-AC96-2EE5129CBFF2}.Release|Any CPU.Build.0 = Release|Any CPU
		{FF590A3F-1551-44FF-BD30-B3156924907D}.Debug|Any CPU.ActiveCfg = Debug|Any CPU
		{FF590A3F-1551-44FF-BD30-B3156924907D}.Debug|Any CPU.Build.0 = Debug|Any CPU
		{FF590A3F-1551-44FF-BD30-B3156924907D}.Release|Any CPU.ActiveCfg = Release|Any CPU
		{FF590A3F-1551-44FF-BD30-B3156924907D}.Release|Any CPU.Build.0 = Release|Any CPU
	EndGlobalSection
	GlobalSection(SolutionProperties) = preSolution
		HideSolutionNode = FALSE
	EndGlobalSection
	GlobalSection(ExtensibilityGlobals) = postSolution
		SolutionGuid = {14641606-8CAD-4B4C-8776-29A120B064EB}
	EndGlobalSection
EndGlobal
